
Microsoft Visual Studio Solution File, Format Version 12.00
# Visual Studio Version 16
VisualStudioVersion = 16.0.32228.343
MinimumVisualStudioVersion = 10.0.40219.1
Project("{8BC9CEB8-8B4A-11D0-8D11-00A0C91BC942}") = "Bai04", "Bai04\Bai04.vcxproj", "{5B2B70C7-6ABF-431A-B633-DE9EC3D5F734}"
EndProject
Global
	GlobalSection(SolutionConfigurationPlatforms) = preSolution
		Debug|x64 = Debug|x64
		Debug|x86 = Debug|x86
		Release|x64 = Release|x64
		Release|x86 = Release|x86
	EndGlobalSection
	GlobalSection(ProjectConfigurationPlatforms) = postSolution
		{5B2B70C7-6ABF-431A-B633-DE9EC3D5F734}.Debug|x64.ActiveCfg = Debug|x64
		{5B2B70C7-6ABF-431A-B633-DE9EC3D5F734}.Debug|x64.Build.0 = Debug|x64
		{5B2B70C7-6ABF-431A-B633-DE9EC3D5F734}.Debug|x86.ActiveCfg = Debug|Win32
		{5B2B70C7-6ABF-431A-B633-DE9EC3D5F734}.Debug|x86.Build.0 = Debug|Win32
		{5B2B70C7-6ABF-431A-B633-DE9EC3D5F734}.Release|x64.ActiveCfg = Release|x64
		{5B2B70C7-6ABF-431A-B633-DE9EC3D5F734}.Release|x64.Build.0 = Release|x64
		{5B2B70C7-6ABF-431A-B633-DE9EC3D5F734}.Release|x86.ActiveCfg = Release|Win32
		{5B2B70C7-6ABF-431A-B633-DE9EC3D5F734}.Release|x86.Build.0 = Release|Win32
	EndGlobalSection
	GlobalSection(SolutionProperties) = preSolution
		HideSolutionNode = FALSE
	EndGlobalSection
	GlobalSection(ExtensibilityGlobals) = postSolution
		SolutionGuid = {62016A8E-185F-42E4-A935-8696C15739F9}
	EndGlobalSection
EndGlobal
